<Solution>
  <Folder Name="/Solution files/">
    <File Path=".gitignore" />
    <File Path="readme.md" />
  </Folder>
  <Folder Name="/Solution files/.github/">
    <File Path=".github/copilot-instructions.md" />
  </Folder>
  <Project Path="src/Umbraco.Community.UmbraDesktop.TestInstance/Umbraco.Community.UmbraDesktop.TestInstance.csproj" Id="c63e1796-4f4f-45d3-8ce8-53595441aec1" />
  <Project Path="src/Umbraco.Community.UmbraDesktop/Umbraco.Community.UmbraDesktop.csproj" />
</Solution>
